
Microsoft Visual Studio Solution File, Format Version 12.00
# Visual Studio Version 17
VisualStudioVersion = 17.5.33414.496
MinimumVisualStudioVersion = 10.0.40219.1
Project("{FAE04EC0-301F-11D3-BF4B-00C04F79EFBC}") = "HammeredGame", "HammeredGame\HammeredGame.csproj", "{E1EDD2FC-79B9-4A2D-8CE0-80D2A00CE733}"
EndProject
Global
	GlobalSection(SolutionConfigurationPlatforms) = preSolution
		Debug|Any CPU = Debug|Any CPU
		Release|Any CPU = Release|Any CPU
	EndGlobalSection
	GlobalSection(ProjectConfigurationPlatforms) = postSolution
		{E1EDD2FC-79B9-4A2D-8CE0-80D2A00CE733}.Debug|Any CPU.ActiveCfg = Debug|Any CPU
		{E1EDD2FC-79B9-4A2D-8CE0-80D2A00CE733}.Debug|Any CPU.Build.0 = Debug|Any CPU
		{E1EDD2FC-79B9-4A2D-8CE0-80D2A00CE733}.Release|Any CPU.ActiveCfg = Release|Any CPU
		{E1EDD2FC-79B9-4A2D-8CE0-80D2A00CE733}.Release|Any CPU.Build.0 = Release|Any CPU
	EndGlobalSection
	GlobalSection(SolutionProperties) = preSolution
		HideSolutionNode = FALSE
	EndGlobalSection
	GlobalSection(ExtensibilityGlobals) = postSolution
		SolutionGuid = {60369EDA-2029-4DC9-A368-1781F5815CDD}
	EndGlobalSection
EndGlobal
